
Microsoft Visual Studio Solution File, Format Version 12.00
# Visual Studio 15
VisualStudioVersion = 15.0.27428.2015
MinimumVisualStudioVersion = 10.0.40219.1
Project("{FAE04EC0-301F-11D3-BF4B-00C04F79EFBC}") = "DanApiTest", "DanApiTest\DanApiTest.csproj", "{EB88C8EC-A15C-49B6-AA0A-3E8602518D83}"
EndProject
Project("{FAE04EC0-301F-11D3-BF4B-00C04F79EFBC}") = "DanApiTest.Data", "DanApiTest.Data\DanApiTest.Data.csproj", "{F807D264-35AF-498B-98B8-47D7DE5639FA}"
EndProject
Project("{FAE04EC0-301F-11D3-BF4B-00C04F79EFBC}") = "DanApiTest.Services", "DanApiTest.Services\DanApiTest.Services.csproj", "{9AC9BB27-E4AA-41A3-9E9D-3315233EF56E}"
EndProject
Global
	GlobalSection(SolutionConfigurationPlatforms) = preSolution
		Debug|Any CPU = Debug|Any CPU
		Release|Any CPU = Release|Any CPU
	EndGlobalSection
	GlobalSection(ProjectConfigurationPlatforms) = postSolution
		{EB88C8EC-A15C-49B6-AA0A-3E8602518D83}.Debug|Any CPU.ActiveCfg = Debug|Any CPU
		{EB88C8EC-A15C-49B6-AA0A-3E8602518D83}.Debug|Any CPU.Build.0 = Debug|Any CPU
		{EB88C8EC-A15C-49B6-AA0A-3E8602518D83}.Release|Any CPU.ActiveCfg = Release|Any CPU
		{EB88C8EC-A15C-49B6-AA0A-3E8602518D83}.Release|Any CPU.Build.0 = Release|Any CPU
		{F807D264-35AF-498B-98B8-47D7DE5639FA}.Debug|Any CPU.ActiveCfg = Debug|Any CPU
		{F807D264-35AF-498B-98B8-47D7DE5639FA}.Debug|Any CPU.Build.0 = Debug|Any CPU
		{F807D264-35AF-498B-98B8-47D7DE5639FA}.Release|Any CPU.ActiveCfg = Release|Any CPU
		{F807D264-35AF-498B-98B8-47D7DE5639FA}.Release|Any CPU.Build.0 = Release|Any CPU
		{9AC9BB27-E4AA-41A3-9E9D-3315233EF56E}.Debug|Any CPU.ActiveCfg = Debug|Any CPU
		{9AC9BB27-E4AA-41A3-9E9D-3315233EF56E}.Debug|Any CPU.Build.0 = Debug|Any CPU
		{9AC9BB27-E4AA-41A3-9E9D-3315233EF56E}.Release|Any CPU.ActiveCfg = Release|Any CPU
		{9AC9BB27-E4AA-41A3-9E9D-3315233EF56E}.Release|Any CPU.Build.0 = Release|Any CPU
	EndGlobalSection
	GlobalSection(SolutionProperties) = preSolution
		HideSolutionNode = FALSE
	EndGlobalSection
	GlobalSection(ExtensibilityGlobals) = postSolution
		SolutionGuid = {4B5C3D8E-51E7-417B-895B-20D9197BCDD6}
	EndGlobalSection
EndGlobal
